
Microsoft Visual Studio Solution File, Format Version 12.00
# Visual Studio Version 16
VisualStudioVersion = 16.0.31702.278
MinimumVisualStudioVersion = 10.0.40219.1
Project("{9A19103F-16F7-4668-BE54-9A1E7A4F7556}") = "OdeToFood", "OdeToFood\OdeToFood.csproj", "{273A4521-C59A-4169-94DF-B340051DB654}"
EndProject
Project("{9A19103F-16F7-4668-BE54-9A1E7A4F7556}") = "OdeToFood.Core", "OdeToFood.Core\OdeToFood.Core.csproj", "{19361004-F1F6-44A4-B1A6-C01671ED86C1}"
EndProject
Project("{9A19103F-16F7-4668-BE54-9A1E7A4F7556}") = "OdeToFood.Data", "OdeToFood.Data\OdeToFood.Data.csproj", "{9A2854B5-B385-4DDA-ADB1-CE595A7F5274}"
EndProject
Global
	GlobalSection(SolutionConfigurationPlatforms) = preSolution
		Debug|Any CPU = Debug|Any CPU
		Release|Any CPU = Release|Any CPU
	EndGlobalSection
	GlobalSection(ProjectConfigurationPlatforms) = postSolution
		{273A4521-C59A-4169-94DF-B340051DB654}.Debug|Any CPU.ActiveCfg = Debug|Any CPU
		{273A4521-C59A-4169-94DF-B340051DB654}.Debug|Any CPU.Build.0 = Debug|Any CPU
		{273A4521-C59A-4169-94DF-B340051DB654}.Release|Any CPU.ActiveCfg = Release|Any CPU
		{273A4521-C59A-4169-94DF-B340051DB654}.Release|Any CPU.Build.0 = Release|Any CPU
		{19361004-F1F6-44A4-B1A6-C01671ED86C1}.Debug|Any CPU.ActiveCfg = Debug|Any CPU
		{19361004-F1F6-44A4-B1A6-C01671ED86C1}.Debug|Any CPU.Build.0 = Debug|Any CPU
		{19361004-F1F6-44A4-B1A6-C01671ED86C1}.Release|Any CPU.ActiveCfg = Release|Any CPU
		{19361004-F1F6-44A4-B1A6-C01671ED86C1}.Release|Any CPU.Build.0 = Release|Any CPU
		{9A2854B5-B385-4DDA-ADB1-CE595A7F5274}.Debug|Any CPU.ActiveCfg = Debug|Any CPU
		{9A2854B5-B385-4DDA-ADB1-CE595A7F5274}.Debug|Any CPU.Build.0 = Debug|Any CPU
		{9A2854B5-B385-4DDA-ADB1-CE595A7F5274}.Release|Any CPU.ActiveCfg = Release|Any CPU
		{9A2854B5-B385-4DDA-ADB1-CE595A7F5274}.Release|Any CPU.Build.0 = Release|Any CPU
	EndGlobalSection
	GlobalSection(SolutionProperties) = preSolution
		HideSolutionNode = FALSE
	EndGlobalSection
	GlobalSection(ExtensibilityGlobals) = postSolution
		SolutionGuid = {9FD9F250-65BA-4A90-8388-4DCAC2B2813C}
	EndGlobalSection
EndGlobal
